
Microsoft Visual Studio Solution File, Format Version 12.00
# Visual Studio Version 17
VisualStudioVersion = 17.3.32819.101
MinimumVisualStudioVersion = 10.0.40219.1
Project("{FAE04EC0-301F-11D3-BF4B-00C04F79EFBC}") = "FlightLib", "FlightLib\FlightLib.csproj", "{3B53FCD9-7A68-42EF-A9DA-B0628F94A07E}"
EndProject
Project("{FAE04EC0-301F-11D3-BF4B-00C04F79EFBC}") = "SimulatorConsole", "SimulatorConsole\SimulatorConsole.csproj", "{3A87A27D-F5E9-4F8E-B229-683005A87FF1}"
EndProject
Global
	GlobalSection(SolutionConfigurationPlatforms) = preSolution
		Debug|Any CPU = Debug|Any CPU
		Release|Any CPU = Release|Any CPU
	EndGlobalSection
	GlobalSection(ProjectConfigurationPlatforms) = postSolution
		{3B53FCD9-7A68-42EF-A9DA-B0628F94A07E}.Debug|Any CPU.ActiveCfg = Debug|Any CPU
		{3B53FCD9-7A68-42EF-A9DA-B0628F94A07E}.Debug|Any CPU.Build.0 = Debug|Any CPU
		{3B53FCD9-7A68-42EF-A9DA-B0628F94A07E}.Release|Any CPU.ActiveCfg = Release|Any CPU
		{3B53FCD9-7A68-42EF-A9DA-B0628F94A07E}.Release|Any CPU.Build.0 = Release|Any CPU
		{3A87A27D-F5E9-4F8E-B229-683005A87FF1}.Debug|Any CPU.ActiveCfg = Debug|Any CPU
		{3A87A27D-F5E9-4F8E-B229-683005A87FF1}.Debug|Any CPU.Build.0 = Debug|Any CPU
		{3A87A27D-F5E9-4F8E-B229-683005A87FF1}.Release|Any CPU.ActiveCfg = Release|Any CPU
		{3A87A27D-F5E9-4F8E-B229-683005A87FF1}.Release|Any CPU.Build.0 = Release|Any CPU
	EndGlobalSection
	GlobalSection(SolutionProperties) = preSolution
		HideSolutionNode = FALSE
	EndGlobalSection
	GlobalSection(ExtensibilityGlobals) = postSolution
		SolutionGuid = {3570011D-D112-4CFB-9122-4B4AC3B7307B}
	EndGlobalSection
EndGlobal
